
Microsoft Visual Studio Solution File, Format Version 12.00
# Visual Studio Version 17
VisualStudioVersion = 17.0.33130.402
MinimumVisualStudioVersion = 10.0.40219.1
Project("{9A19103F-16F7-4668-BE54-9A1E7A4F7556}") = "Defra.UI.Tests", "Defra.UI.Tests\Defra.UI.Tests.csproj", "{2A4F32AC-E343-4DF9-BCAC-F7040C36F4E9}"
EndProject
Project("{2150E333-8FDC-42A3-9474-1A3956D46DE8}") = "Solution Items", "Solution Items", "{3B7C43F0-CA22-41F1-96E5-D01B44E10BB0}"
EndProject
Project("{2150E333-8FDC-42A3-9474-1A3956D46DE8}") = "PowerApps", "PowerApps", "{33DC82D8-146D-403F-9721-5699FE07EAA5}"
EndProject
Project("{9A19103F-16F7-4668-BE54-9A1E7A4F7556}") = "Defra.Trade.MSD365.SpecFlowBindings", "Defra.Trade.MSD365.SpecFlowBindings\Defra.Trade.MSD365.SpecFlowBindings.csproj", "{C7C05962-07D0-4754-B8DA-D899D45011C9}"
EndProject
Project("{9A19103F-16F7-4668-BE54-9A1E7A4F7556}") = "Microsoft.Dynamics365.UIAutomation.Api", "Microsoft.Dynamics365.UIAutomation.Api\Microsoft.Dynamics365.UIAutomation.Api.csproj", "{D13EFC70-A918-497E-B00C-CC77C4CB7A7B}"
EndProject
Project("{9A19103F-16F7-4668-BE54-9A1E7A4F7556}") = "Microsoft.Dynamics365.UIAutomation.Api.UCI", "Microsoft.Dynamics365.UIAutomation.Api.UCI\Microsoft.Dynamics365.UIAutomation.Api.UCI.csproj", "{EFA37FD0-CD0D-4A99-A6FD-025ED37BED48}"
EndProject
Project("{9A19103F-16F7-4668-BE54-9A1E7A4F7556}") = "Microsoft.Dynamics365.UIAutomation.Browser", "Microsoft.Dynamics365.UIAutomation.Browser\Microsoft.Dynamics365.UIAutomation.Browser.csproj", "{BA271724-8D9A-4F43-B50C-66FCBCA8608D}"
EndProject
Project("{9A19103F-16F7-4668-BE54-9A1E7A4F7556}") = "Capgemini.PowerApps.SpecFlowBindings", "Capgemini.PowerApps.SpecFlowBindings\Capgemini.PowerApps.SpecFlowBindings.csproj", "{FCEDD789-D520-406A-B6E9-60BB7758B4F6}"
EndProject
Global
	GlobalSection(SolutionConfigurationPlatforms) = preSolution
		Debug|Any CPU = Debug|Any CPU
		Release|Any CPU = Release|Any CPU
	EndGlobalSection
	GlobalSection(ProjectConfigurationPlatforms) = postSolution
		{2A4F32AC-E343-4DF9-BCAC-F7040C36F4E9}.Debug|Any CPU.ActiveCfg = Debug|Any CPU
		{2A4F32AC-E343-4DF9-BCAC-F7040C36F4E9}.Debug|Any CPU.Build.0 = Debug|Any CPU
		{2A4F32AC-E343-4DF9-BCAC-F7040C36F4E9}.Release|Any CPU.ActiveCfg = Release|Any CPU
		{2A4F32AC-E343-4DF9-BCAC-F7040C36F4E9}.Release|Any CPU.Build.0 = Release|Any CPU
		{C7C05962-07D0-4754-B8DA-D899D45011C9}.Debug|Any CPU.ActiveCfg = Debug|Any CPU
		{C7C05962-07D0-4754-B8DA-D899D45011C9}.Debug|Any CPU.Build.0 = Debug|Any CPU
		{C7C05962-07D0-4754-B8DA-D899D45011C9}.Release|Any CPU.ActiveCfg = Release|Any CPU
		{C7C05962-07D0-4754-B8DA-D899D45011C9}.Release|Any CPU.Build.0 = Release|Any CPU
		{D13EFC70-A918-497E-B00C-CC77C4CB7A7B}.Debug|Any CPU.ActiveCfg = Debug|Any CPU
		{D13EFC70-A918-497E-B00C-CC77C4CB7A7B}.Debug|Any CPU.Build.0 = Debug|Any CPU
		{D13EFC70-A918-497E-B00C-CC77C4CB7A7B}.Release|Any CPU.ActiveCfg = Release|Any CPU
		{D13EFC70-A918-497E-B00C-CC77C4CB7A7B}.Release|Any CPU.Build.0 = Release|Any CPU
		{EFA37FD0-CD0D-4A99-A6FD-025ED37BED48}.Debug|Any CPU.ActiveCfg = Debug|Any CPU
		{EFA37FD0-CD0D-4A99-A6FD-025ED37BED48}.Debug|Any CPU.Build.0 = Debug|Any CPU
		{EFA37FD0-CD0D-4A99-A6FD-025ED37BED48}.Release|Any CPU.ActiveCfg = Release|Any CPU
		{EFA37FD0-CD0D-4A99-A6FD-025ED37BED48}.Release|Any CPU.Build.0 = Release|Any CPU
		{BA271724-8D9A-4F43-B50C-66FCBCA8608D}.Debug|Any CPU.ActiveCfg = Debug|Any CPU
		{BA271724-8D9A-4F43-B50C-66FCBCA8608D}.Debug|Any CPU.Build.0 = Debug|Any CPU
		{BA271724-8D9A-4F43-B50C-66FCBCA8608D}.Release|Any CPU.ActiveCfg = Release|Any CPU
		{BA271724-8D9A-4F43-B50C-66FCBCA8608D}.Release|Any CPU.Build.0 = Release|Any CPU
		{FCEDD789-D520-406A-B6E9-60BB7758B4F6}.Debug|Any CPU.ActiveCfg = Debug|Any CPU
		{FCEDD789-D520-406A-B6E9-60BB7758B4F6}.Debug|Any CPU.Build.0 = Debug|Any CPU
		{FCEDD789-D520-406A-B6E9-60BB7758B4F6}.Release|Any CPU.ActiveCfg = Release|Any CPU
		{FCEDD789-D520-406A-B6E9-60BB7758B4F6}.Release|Any CPU.Build.0 = Release|Any CPU
	EndGlobalSection
	GlobalSection(SolutionProperties) = preSolution
		HideSolutionNode = FALSE
	EndGlobalSection
	GlobalSection(NestedProjects) = preSolution
		{C7C05962-07D0-4754-B8DA-D899D45011C9} = {33DC82D8-146D-403F-9721-5699FE07EAA5}
		{D13EFC70-A918-497E-B00C-CC77C4CB7A7B} = {33DC82D8-146D-403F-9721-5699FE07EAA5}
		{EFA37FD0-CD0D-4A99-A6FD-025ED37BED48} = {33DC82D8-146D-403F-9721-5699FE07EAA5}
		{BA271724-8D9A-4F43-B50C-66FCBCA8608D} = {33DC82D8-146D-403F-9721-5699FE07EAA5}
		{FCEDD789-D520-406A-B6E9-60BB7758B4F6} = {33DC82D8-146D-403F-9721-5699FE07EAA5}
	EndGlobalSection
	GlobalSection(ExtensibilityGlobals) = postSolution
		SolutionGuid = {7F8AE70C-3E1C-445A-BEAF-C8266FE57569}
	EndGlobalSection
EndGlobal
